
Microsoft Visual Studio Solution File, Format Version 12.00
# Visual Studio 15
VisualStudioVersion = 15.0.28307.572
MinimumVisualStudioVersion = 10.0.40219.1
Project("{FAE04EC0-301F-11D3-BF4B-00C04F79EFBC}") = "BufferTest", "BufferTest\BufferTest.csproj", "{11921EE6-BDDE-4C39-B420-FCC1BA371E0B}"
EndProject
Project("{FAE04EC0-301F-11D3-BF4B-00C04F79EFBC}") = "BufferTestWeb", "BufferTestWeb\BufferTestWeb.csproj", "{29964112-766B-4C9A-83C5-00FBEC90AB39}"
EndProject
Project("{FAE04EC0-301F-11D3-BF4B-00C04F79EFBC}") = "AweCsome.Buffer", "..\..\AweCsome.Buffer\AweCsome.Buffer.csproj", "{94AE61DB-4301-4B6E-98B9-0BEEA00A8CA9}"
EndProject
Project("{FAE04EC0-301F-11D3-BF4B-00C04F79EFBC}") = "AweCsome.Interfaces", "..\..\AweCsomeFramework\AweCsome.Interfaces.csproj", "{5DB02FF9-0993-4B60-8D23-0AA62935612F}"
EndProject
Project("{FAE04EC0-301F-11D3-BF4B-00C04F79EFBC}") = "Entities", "..\..\..\Mydea\MydeaEntityO365\Entities\Entities.csproj", "{E42B0DE1-68C2-4FDD-AAD4-9EB6452768F0}"
EndProject
Project("{FAE04EC0-301F-11D3-BF4B-00C04F79EFBC}") = "AweCsome.O365", "..\..\AweCsomeFramework\O365\AweCsome.O365.csproj", "{EFEF55F5-D4A0-4488-87CE-D76E1F5C63D4}"
EndProject
Global
	GlobalSection(SolutionConfigurationPlatforms) = preSolution
		Debug|Any CPU = Debug|Any CPU
		Release|Any CPU = Release|Any CPU
	EndGlobalSection
	GlobalSection(ProjectConfigurationPlatforms) = postSolution
		{11921EE6-BDDE-4C39-B420-FCC1BA371E0B}.Debug|Any CPU.ActiveCfg = Debug|Any CPU
		{11921EE6-BDDE-4C39-B420-FCC1BA371E0B}.Debug|Any CPU.Build.0 = Debug|Any CPU
		{11921EE6-BDDE-4C39-B420-FCC1BA371E0B}.Debug|Any CPU.Deploy.0 = Debug|Any CPU
		{11921EE6-BDDE-4C39-B420-FCC1BA371E0B}.Release|Any CPU.ActiveCfg = Release|Any CPU
		{11921EE6-BDDE-4C39-B420-FCC1BA371E0B}.Release|Any CPU.Build.0 = Release|Any CPU
		{11921EE6-BDDE-4C39-B420-FCC1BA371E0B}.Release|Any CPU.Deploy.0 = Release|Any CPU
		{29964112-766B-4C9A-83C5-00FBEC90AB39}.Debug|Any CPU.ActiveCfg = Debug|Any CPU
		{29964112-766B-4C9A-83C5-00FBEC90AB39}.Debug|Any CPU.Build.0 = Debug|Any CPU
		{29964112-766B-4C9A-83C5-00FBEC90AB39}.Release|Any CPU.ActiveCfg = Release|Any CPU
		{29964112-766B-4C9A-83C5-00FBEC90AB39}.Release|Any CPU.Build.0 = Release|Any CPU
		{94AE61DB-4301-4B6E-98B9-0BEEA00A8CA9}.Debug|Any CPU.ActiveCfg = Debug|Any CPU
		{94AE61DB-4301-4B6E-98B9-0BEEA00A8CA9}.Debug|Any CPU.Build.0 = Debug|Any CPU
		{94AE61DB-4301-4B6E-98B9-0BEEA00A8CA9}.Release|Any CPU.ActiveCfg = Release|Any CPU
		{94AE61DB-4301-4B6E-98B9-0BEEA00A8CA9}.Release|Any CPU.Build.0 = Release|Any CPU
		{5DB02FF9-0993-4B60-8D23-0AA62935612F}.Debug|Any CPU.ActiveCfg = Debug|Any CPU
		{5DB02FF9-0993-4B60-8D23-0AA62935612F}.Debug|Any CPU.Build.0 = Debug|Any CPU
		{5DB02FF9-0993-4B60-8D23-0AA62935612F}.Release|Any CPU.ActiveCfg = Release|Any CPU
		{5DB02FF9-0993-4B60-8D23-0AA62935612F}.Release|Any CPU.Build.0 = Release|Any CPU
		{E42B0DE1-68C2-4FDD-AAD4-9EB6452768F0}.Debug|Any CPU.ActiveCfg = Debug|Any CPU
		{E42B0DE1-68C2-4FDD-AAD4-9EB6452768F0}.Debug|Any CPU.Build.0 = Debug|Any CPU
		{E42B0DE1-68C2-4FDD-AAD4-9EB6452768F0}.Release|Any CPU.ActiveCfg = Release|Any CPU
		{E42B0DE1-68C2-4FDD-AAD4-9EB6452768F0}.Release|Any CPU.Build.0 = Release|Any CPU
		{EFEF55F5-D4A0-4488-87CE-D76E1F5C63D4}.Debug|Any CPU.ActiveCfg = Debug|Any CPU
		{EFEF55F5-D4A0-4488-87CE-D76E1F5C63D4}.Debug|Any CPU.Build.0 = Debug|Any CPU
		{EFEF55F5-D4A0-4488-87CE-D76E1F5C63D4}.Release|Any CPU.ActiveCfg = Release|Any CPU
		{EFEF55F5-D4A0-4488-87CE-D76E1F5C63D4}.Release|Any CPU.Build.0 = Release|Any CPU
	EndGlobalSection
	GlobalSection(SolutionProperties) = preSolution
		HideSolutionNode = FALSE
	EndGlobalSection
	GlobalSection(ExtensibilityGlobals) = postSolution
		SolutionGuid = {5E3762C8-C3F3-437A-B153-228D6979E284}
	EndGlobalSection
EndGlobal
