
Microsoft Visual Studio Solution File, Format Version 12.00
# Visual Studio 15
VisualStudioVersion = 15.0.28010.2041
MinimumVisualStudioVersion = 10.0.40219.1
Project("{FAE04EC0-301F-11D3-BF4B-00C04F79EFBC}") = "AweCsome.2013", "AweCsomeFramework\2013\AweCsome.2013.csproj", "{EFEF55F5-D4A0-4488-87CE-D76E1F5C63D4}"
EndProject
Global
	GlobalSection(SolutionConfigurationPlatforms) = preSolution
		Debug|Any CPU = Debug|Any CPU
		Release|Any CPU = Release|Any CPU
	EndGlobalSection
	GlobalSection(ProjectConfigurationPlatforms) = postSolution
		{EFEF55F5-D4A0-4488-87CE-D76E1F5C63D4}.Debug|Any CPU.ActiveCfg = Debug|Any CPU
		{EFEF55F5-D4A0-4488-87CE-D76E1F5C63D4}.Debug|Any CPU.Build.0 = Debug|Any CPU
		{EFEF55F5-D4A0-4488-87CE-D76E1F5C63D4}.Release|Any CPU.ActiveCfg = Release|Any CPU
		{EFEF55F5-D4A0-4488-87CE-D76E1F5C63D4}.Release|Any CPU.Build.0 = Release|Any CPU
	EndGlobalSection
	GlobalSection(SolutionProperties) = preSolution
		HideSolutionNode = FALSE
	EndGlobalSection
	GlobalSection(ExtensibilityGlobals) = postSolution
		SolutionGuid = {DC77AFEC-F6F7-4BC7-AEA5-8D81F5D26CA5}
	EndGlobalSection
EndGlobal
